// !$*UTF8*$!
{
	archiveVersion = 1;
	classes = {
	};
	objectVersion = 46;
	objects = {

/* Begin PBXBuildFile section */
		C5B2B1A71C6BB858008900D5 /* Default-568h@2x.png in Resources */ = {isa = PBXBuildFile; fileRef = C5B2B1A51C6BB857008900D5 /* Default-568h@2x.png */; };
		C5B2B1A81C6BB858008900D5 /* Default@2x.png in Resources */ = {isa = PBXBuildFile; fileRef = C5B2B1A61C6BB857008900D5 /* Default@2x.png */; };
		C5F905CE1C6254E80060921C /* AppDelegate.swift in Sources */ = {isa = PBXBuildFile; fileRef = C5F905CD1C6254E80060921C /* AppDelegate.swift */; };
		C5F905D01C6254E80060921C /* ViewController.swift in Sources */ = {isa = PBXBuildFile; fileRef = C5F905CF1C6254E80060921C /* ViewController.swift */; };
		C5F905D31C6254E90060921C /* Main.storyboard in Resources */ = {isa = PBXBuildFile; fileRef = C5F905D11C6254E90060921C /* Main.storyboard */; };
		C5F905D51C6254E90060921C /* Assets.xcassets in Resources */ = {isa = PBXBuildFile; fileRef = C5F905D41C6254E90060921C /* Assets.xcassets */; };
		C5F905E01C627B770060921C /* AboutViewController.swift in Sources */ = {isa = PBXBuildFile; fileRef = C5F905DF1C627B770060921C /* AboutViewController.swift */; };
		C5F905E21C62887B0060921C /* BullsEye.html in Resources */ = {isa = PBXBuildFile; fileRef = C5F905E11C62887B0060921C /* BullsEye.html */; };
/* End PBXBuildFile section */

/* Begin PBXFileReference section */
		C5B2B1A51C6BB857008900D5 /* Default-568h@2x.png */ = {isa = PBXFileReference; lastKnownFileType = image.png; path = "Default-568h@2x.png"; sourceTree = "<group>"; };
		C5B2B1A61C6BB857008900D5 /* Default@2x.png */ = {isa = PBXFileReference; lastKnownFileType = image.png; path = "Default@2x.png"; sourceTree = "<group>"; };
		C5F905CA1C6254E80060921C /* BullsEye.app */ = {isa = PBXFileReference; explicitFileType = wrapper.application; includeInIndex = 0; path = BullsEye.app; sourceTree = BUILT_PRODUCTS_DIR; };
		C5F905CD1C6254E80060921C /* AppDelegate.swift */ = {isa = PBXFileReference; lastKnownFileType = sourcecode.swift; path = AppDelegate.swift; sourceTree = "<group>"; };
		C5F905CF1C6254E80060921C /* ViewController.swift */ = {isa = PBXFileReference; lastKnownFileType = sourcecode.swift; path = ViewController.swift; sourceTree = "<group>"; };
		C5F905D21C6254E90060921C /* Base */ = {isa = PBXFileReference; lastKnownFileType = file.storyboard; name = Base; path = Base.lproj/Main.storyboard; sourceTree = "<group>"; };
		C5F905D41C6254E90060921C /* Assets.xcassets */ = {isa = PBXFileReference; lastKnownFileType = folder.assetcatalog; path = Assets.xcassets; sourceTree = "<group>"; };
		C5F905D91C6254E90060921C /* Info.plist */ = {isa = PBXFileReference; lastKnownFileType = text.plist.xml; path = Info.plist; sourceTree = "<group>"; };
		C5F905DF1C627B770060921C /* AboutViewController.swift */ = {isa = PBXFileReference; fileEncoding = 4; lastKnownFileType = sourcecode.swift; path = AboutViewController.swift; sourceTree = "<group>"; };
		C5F905E11C62887B0060921C /* BullsEye.html */ = {isa = PBXFileReference; fileEncoding = 4; lastKnownFileType = text.html; name = BullsEye.html; path = "../../../The iOS Apprentice 1 - Getting Started/Resources/BullsEye.html"; sourceTree = "<group>"; };
/* End PBXFileReference section */

/* Begin PBXFrameworksBuildPhase section */
		C5F905C71C6254E80060921C /* Frameworks */ = {
			isa = PBXFrameworksBuildPhase;
			buildActionMask = 2147483647;
			files = (
			);
			runOnlyForDeploymentPostprocessing = 0;
		};
/* End PBXFrameworksBuildPhase section */

/* Begin PBXGroup section */
		C5F905C11C6254E70060921C = {
			isa = PBXGroup;
			children = (
				C5F905CC1C6254E80060921C /* BullsEye */,
				C5F905CB1C6254E80060921C /* Products */,
			);
			sourceTree = "<group>";
		};
		C5F905CB1C6254E80060921C /* Products */ = {
			isa = PBXGroup;
			children = (
				C5F905CA1C6254E80060921C /* BullsEye.app */,
			);
			name = Products;
			sourceTree = "<group>";
		};
		C5F905CC1C6254E80060921C /* BullsEye */ = {
			isa = PBXGroup;
			children = (
				C5B2B1A51C6BB857008900D5 /* Default-568h@2x.png */,
				C5B2B1A61C6BB857008900D5 /* Default@2x.png */,
				C5F905E11C62887B0060921C /* BullsEye.html */,
				C5F905CD1C6254E80060921C /* AppDelegate.swift */,
				C5F905CF1C6254E80060921C /* ViewController.swift */,
				C5F905DF1C627B770060921C /* AboutViewController.swift */,
				C5F905D11C6254E90060921C /* Main.storyboard */,
				C5F905D41C6254E90060921C /* Assets.xcassets */,
				C5F905D91C6254E90060921C /* Info.plist */,
			);
			path = BullsEye;
			sourceTree = "<group>";
		};
/* End PBXGroup section */

/* Begin PBXNativeTarget section */
		C5F905C91C6254E80060921C /* BullsEye */ = {
			isa = PBXNativeTarget;
			buildConfigurationList = C5F905DC1C6254E90060921C /* Build configuration list for PBXNativeTarget "BullsEye" */;
			buildPhases = (
				C5F905C61C6254E80060921C /* Sources */,
				C5F905C71C6254E80060921C /* Frameworks */,
				C5F905C81C6254E80060921C /* Resources */,
			);
			buildRules = (
			);
			dependencies = (
			);
			name = BullsEye;
			productName = BullsEye;
			productReference = C5F905CA1C6254E80060921C /* BullsEye.app */;
			productType = "com.apple.product-type.application";
		};
/* End PBXNativeTarget section */

/* Begin PBXProject section */
		C5F905C21C6254E70060921C /* Project object */ = {
			isa = PBXProject;
			attributes = {
				LastSwiftUpdateCheck = 0720;
				LastUpgradeCheck = 0720;
				ORGANIZATIONNAME = "christopher dwyer-perkins";
				TargetAttributes = {
					C5F905C91C6254E80060921C = {
						CreatedOnToolsVersion = 7.2;
						DevelopmentTeam = FM742Z7T4L;
					};
				};
			};
			buildConfigurationList = C5F905C51C6254E80060921C /* Build configuration list for PBXProject "BullsEye" */;
			compatibilityVersion = "Xcode 3.2";
			developmentRegion = English;
			hasScannedForEncodings = 0;
			knownRegions = (
				en,
				Base,
			);
			mainGroup = C5F905C11C6254E70060921C;
			productRefGroup = C5F905CB1C6254E80060921C /* Products */;
			projectDirPath = "";
			projectRoot = "";
			targets = (
				C5F905C91C6254E80060921C /* BullsEye */,
			);
		};
/* End PBXProject section */

/* Begin PBXResourcesBuildPhase section */
		C5F905C81C6254E80060921C /* Resources */ = {
			isa = PBXResourcesBuildPhase;
			buildActionMask = 2147483647;
			files = (
				C5F905E21C62887B0060921C /* BullsEye.html in Resources */,
				C5B2B1A71C6BB858008900D5 /* Default-568h@2x.png in Resources */,
				C5B2B1A81C6BB858008900D5 /* Default@2x.png in Resources */,
				C5F905D51C6254E90060921C /* Assets.xcassets in Resources */,
				C5F905D31C6254E90060921C /* Main.storyboard in Resources */,
			);
			runOnlyForDeploymentPostprocessing = 0;
		};
/* End PBXResourcesBuildPhase section */

/* Begin PBXSourcesBuildPhase section */
		C5F905C61C6254E80060921C /* Sources */ = {
			isa = PBXSourcesBuildPhase;
			buildActionMask = 2147483647;
			files = (
				C5F905E01C627B770060921C /* AboutViewController.swift in Sources */,
				C5F905D01C6254E80060921C /* ViewController.swift in Sources */,
				C5F905CE1C6254E80060921C /* AppDelegate.swift in Sources */,
			);
			runOnlyForDeploymentPostprocessing = 0;
		};
/* End PBXSourcesBuildPhase section */

/* Begin PBXVariantGroup section */
		C5F905D11C6254E90060921C /* Main.storyboard */ = {
			isa = PBXVariantGroup;
			children = (
				C5F905D21C6254E90060921C /* Base */,
			);
			name = Main.storyboard;
			sourceTree = "<group>";
		};
/* End PBXVariantGroup section */

/* Begin XCBuildConfiguration section */
		C5F905DA1C6254E90060921C /* Debug */ = {
			isa = XCBuildConfiguration;
			buildSettings = {
				ALWAYS_SEARCH_USER_PATHS = NO;
				CLANG_CXX_LANGUAGE_STANDARD = "gnu++0x";
				CLANG_CXX_LIBRARY = "libc++";
				CLANG_ENABLE_MODULES = YES;
				CLANG_ENABLE_OBJC_ARC = YES;
				CLANG_WARN_BOOL_CONVERSION = YES;
				CLANG_WARN_CONSTANT_CONVERSION = YES;
				CLANG_WARN_DIRECT_OBJC_ISA_USAGE = YES_ERROR;
				CLANG_WARN_EMPTY_BODY = YES;
				CLANG_WARN_ENUM_CONVERSION = YES;
				CLANG_WARN_INT_CONVERSION = YES;
				CLANG_WARN_OBJC_ROOT_CLASS = YES_ERROR;
				CLANG_WARN_UNREACHABLE_CODE = YES;
				CLANG_WARN__DUPLICATE_METHOD_MATCH = YES;
				"CODE_SIGN_IDENTITY[sdk=iphoneos*]" = "iPhone Developer";
				COPY_PHASE_STRIP = NO;
				DEBUG_INFORMATION_FORMAT = dwarf;
				ENABLE_STRICT_OBJC_MSGSEND = YES;
				ENABLE_TESTABILITY = YES;
				GCC_C_LANGUAGE_STANDARD = gnu99;
				GCC_DYNAMIC_NO_PIC = NO;
				GCC_NO_COMMON_BLOCKS = YES;
				GCC_OPTIMIZATION_LEVEL = 0;
				GCC_PREPROCESSOR_DEFINITIONS = (
					"DEBUG=1",
					"$(inherited)",
				);
				GCC_WARN_64_TO_32_BIT_CONVERSION = YES;
				GCC_WARN_ABOUT_RETURN_TYPE = YES_ERROR;
				GCC_WARN_UNDECLARED_SELECTOR = YES;
				GCC_WARN_UNINITIALIZED_AUTOS = YES_AGGRESSIVE;
				GCC_WARN_UNUSED_FUNCTION = YES;
				GCC_WARN_UNUSED_VARIABLE = YES;
				IPHONEOS_DEPLOYMENT_TARGET = 9.2;
				MTL_ENABLE_DEBUG_INFO = YES;
				ONLY_ACTIVE_ARCH = YES;
				SDKROOT = iphoneos;
				SWIFT_OPTIMIZATION_LEVEL = "-Onone";
			};
			name = Debug;
		};
		C5F905DB1C6254E90060921C /* Release */ = {
			isa = XCBuildConfiguration;
			buildSettings = {
				ALWAYS_SEARCH_USER_PATHS = NO;
				CLANG_CXX_LANGUAGE_STANDARD = "gnu++0x";
				CLANG_CXX_LIBRARY = "libc++";
				CLANG_ENABLE_MODULES = YES;
				CLANG_ENABLE_OBJC_ARC = YES;
				CLANG_WARN_BOOL_CONVERSION = YES;
				CLANG_WARN_CONSTANT_CONVERSION = YES;
				CLANG_WARN_DIRECT_OBJC_ISA_USAGE = YES_ERROR;
				CLANG_WARN_EMPTY_BODY = YES;
				CLANG_WARN_ENUM_CONVERSION = YES;
				CLANG_WARN_INT_CONVERSION = YES;
				CLANG_WARN_OBJC_ROOT_CLASS = YES_ERROR;
				CLANG_WARN_UNREACHABLE_CODE = YES;
				CLANG_WARN__DUPLICATE_METHOD_MATCH = YES;
				"CODE_SIGN_IDENTITY[sdk=iphoneos*]" = "iPhone Developer";
				COPY_PHASE_STRIP = NO;
				DEBUG_INFORMATION_FORMAT = "dwarf-with-dsym";
				ENABLE_NS_ASSERTIONS = NO;
				ENABLE_STRICT_OBJC_MSGSEND = YES;
				GCC_C_LANGUAGE_STANDARD = gnu99;
				GCC_NO_COMMON_BLOCKS = YES;
				GCC_WARN_64_TO_32_BIT_CONVERSION = YES;
				GCC_WARN_ABOUT_RETURN_TYPE = YES_ERROR;
				GCC_WARN_UNDECLARED_SELECTOR = YES;
				GCC_WARN_UNINITIALIZED_AUTOS = YES_AGGRESSIVE;
				GCC_WARN_UNUSED_FUNCTION = YES;
				GCC_WARN_UNUSED_VARIABLE = YES;
				IPHONEOS_DEPLOYMENT_TARGET = 9.2;
				MTL_ENABLE_DEBUG_INFO = NO;
				SDKROOT = iphoneos;
				VALIDATE_PRODUCT = YES;
			};
			name = Release;
		};
		C5F905DD1C6254E90060921C /* Debug */ = {
			isa = XCBuildConfiguration;
			buildSettings = {
				ASSETCATALOG_COMPILER_APPICON_NAME = AppIcon;
				CODE_SIGN_IDENTITY = "iPhone Developer";
				"CODE_SIGN_IDENTITY[sdk=iphoneos*]" = "iPhone Developer";
				INFOPLIST_FILE = BullsEye/Info.plist;
				LD_RUNPATH_SEARCH_PATHS = "$(inherited) @executable_path/Frameworks";
				PRODUCT_BUNDLE_IDENTIFIER = com.chrisdwyerperkins.BullsEye;
				PRODUCT_NAME = "$(TARGET_NAME)";
				PROVISIONING_PROFILE = "";
			};
			name = Debug;
		};
		C5F905DE1C6254E90060921C /* Release */ = {
			isa = XCBuildConfiguration;
			buildSettings = {
				ASSETCATALOG_COMPILER_APPICON_NAME = AppIcon;
				CODE_SIGN_IDENTITY = "iPhone Developer";
				"CODE_SIGN_IDENTITY[sdk=iphoneos*]" = "iPhone Developer";
				INFOPLIST_FILE = BullsEye/Info.plist;
				LD_RUNPATH_SEARCH_PATHS = "$(inherited) @executable_path/Frameworks";
				PRODUCT_BUNDLE_IDENTIFIER = com.chrisdwyerperkins.BullsEye;
				PRODUCT_NAME = "$(TARGET_NAME)";
				PROVISIONING_PROFILE = "";
			};
			name = Release;
		};
/* End XCBuildConfiguration section */

/* Begin XCConfigurationList section */
		C5F905C51C6254E80060921C /* Build configuration list for PBXProject "BullsEye" */ = {
			isa = XCConfigurationList;
			buildConfigurations = (
				C5F905DA1C6254E90060921C /* Debug */,
				C5F905DB1C6254E90060921C /* Release */,
			);
			defaultConfigurationIsVisible = 0;
			defaultConfigurationName = Release;
		};
		C5F905DC1C6254E90060921C /* Build configuration list for PBXNativeTarget "BullsEye" */ = {
			isa = XCConfigurationList;
			buildConfigurations = (
				C5F905DD1C6254E90060921C /* Debug */,
				C5F905DE1C6254E90060921C /* Release */,
			);
			defaultConfigurationIsVisible = 0;
			defaultConfigurationName = Release;
		};
/* End XCConfigurationList section */
	};
	rootObject = C5F905C21C6254E70060921C /* Project object */;
}
